
Microsoft Visual Studio Solution File, Format Version 12.00
# Visual Studio Version 17
VisualStudioVersion = 17.13.35825.156 d17.13
MinimumVisualStudioVersion = 10.0.40219.1
Project("{FAE04EC0-301F-11D3-BF4B-00C04F79EFBC}") = "OopsConcept", "OopsConcept\OopsConcept.csproj", "{82FCB8A8-C6F5-4EE1-9364-C8AA88609BFA}"
EndProject
Global
	GlobalSection(SolutionConfigurationPlatforms) = preSolution
		Debug|Any CPU = Debug|Any CPU
		Release|Any CPU = Release|Any CPU
	EndGlobalSection
	GlobalSection(ProjectConfigurationPlatforms) = postSolution
		{82FCB8A8-C6F5-4EE1-9364-C8AA88609BFA}.Debug|Any CPU.ActiveCfg = Debug|Any CPU
		{82FCB8A8-C6F5-4EE1-9364-C8AA88609BFA}.Debug|Any CPU.Build.0 = Debug|Any CPU
		{82FCB8A8-C6F5-4EE1-9364-C8AA88609BFA}.Release|Any CPU.ActiveCfg = Release|Any CPU
		{82FCB8A8-C6F5-4EE1-9364-C8AA88609BFA}.Release|Any CPU.Build.0 = Release|Any CPU
	EndGlobalSection
	GlobalSection(SolutionProperties) = preSolution
		HideSolutionNode = FALSE
	EndGlobalSection
	GlobalSection(ExtensibilityGlobals) = postSolution
		SolutionGuid = {C3D93F02-907D-4394-B1D5-931788CDC4B0}
	EndGlobalSection
EndGlobal
